
Microsoft Visual Studio Solution File, Format Version 12.00
# Visual Studio 15
VisualStudioVersion = 15.0.28307.106
MinimumVisualStudioVersion = 10.0.40219.1
Project("{FAE04EC0-301F-11D3-BF4B-00C04F79EFBC}") = "CounterBox", "CounterBox\CounterBox.csproj", "{E6460FCD-B72E-4AE8-9329-3B5F46440F4E}"
EndProject
Global
	GlobalSection(SolutionConfigurationPlatforms) = preSolution
		Debug|Any CPU = Debug|Any CPU
		Release|Any CPU = Release|Any CPU
	EndGlobalSection
	GlobalSection(ProjectConfigurationPlatforms) = postSolution
		{E6460FCD-B72E-4AE8-9329-3B5F46440F4E}.Debug|Any CPU.ActiveCfg = Debug|Any CPU
		{E6460FCD-B72E-4AE8-9329-3B5F46440F4E}.Debug|Any CPU.Build.0 = Debug|Any CPU
		{E6460FCD-B72E-4AE8-9329-3B5F46440F4E}.Release|Any CPU.ActiveCfg = Release|Any CPU
		{E6460FCD-B72E-4AE8-9329-3B5F46440F4E}.Release|Any CPU.Build.0 = Release|Any CPU
	EndGlobalSection
	GlobalSection(SolutionProperties) = preSolution
		HideSolutionNode = FALSE
	EndGlobalSection
	GlobalSection(ExtensibilityGlobals) = postSolution
		SolutionGuid = {00810DE3-0D10-475C-AD77-79376AE4DFE8}
	EndGlobalSection
EndGlobal
